# This file is generated by running "yarn install" inside your project.
# Manual changes might be lost - proceed with caution!

__metadata:
  version: 5
  cacheKey: 8

"block-symmetric-cipher@workspace:.":
  version: 0.0.0-use.local
  resolution: "block-symmetric-cipher@workspace:."
  dependencies:
    crypto: ^1.0.1
  languageName: unknown
  linkType: soft

"crypto@npm:^1.0.1":
  version: 1.0.1
  resolution: "crypto@npm:1.0.1"
  checksum: 087fe3165bd94c333a49e6ed66a0193911f63eac38a24f379b3001a5fe260a59c413646e53a0f67875ba13902b2686d81dc703cb2c147a4ec727dcdc04e5645e
  languageName: node
  linkType: hard
